
Microsoft Visual Studio Solution File, Format Version 12.00
# Visual Studio Version 17
VisualStudioVersion = 17.2.32516.85
MinimumVisualStudioVersion = 10.0.40219.1
Project("{FAE04EC0-301F-11D3-BF4B-00C04F79EFBC}") = "PickACardUI", "PickACardUI\PickACardUI.csproj", "{7C3B8E15-B385-42FE-B05F-01E863CD8A25}"
EndProject
Global
	GlobalSection(SolutionConfigurationPlatforms) = preSolution
		Debug|Any CPU = Debug|Any CPU
		Release|Any CPU = Release|Any CPU
	EndGlobalSection
	GlobalSection(ProjectConfigurationPlatforms) = postSolution
		{7C3B8E15-B385-42FE-B05F-01E863CD8A25}.Debug|Any CPU.ActiveCfg = Debug|Any CPU
		{7C3B8E15-B385-42FE-B05F-01E863CD8A25}.Debug|Any CPU.Build.0 = Debug|Any CPU
		{7C3B8E15-B385-42FE-B05F-01E863CD8A25}.Release|Any CPU.ActiveCfg = Release|Any CPU
		{7C3B8E15-B385-42FE-B05F-01E863CD8A25}.Release|Any CPU.Build.0 = Release|Any CPU
	EndGlobalSection
	GlobalSection(SolutionProperties) = preSolution
		HideSolutionNode = FALSE
	EndGlobalSection
	GlobalSection(ExtensibilityGlobals) = postSolution
		SolutionGuid = {E5A5757E-5E72-4ABB-990A-BDF172A9D6C9}
	EndGlobalSection
EndGlobal
